
Microsoft Visual Studio Solution File, Format Version 12.00
# Visual Studio Version 16
VisualStudioVersion = 16.0.31829.152
MinimumVisualStudioVersion = 10.0.40219.1
Project("{FAE04EC0-301F-11D3-BF4B-00C04F79EFBC}") = "BigO", "BigO.csproj", "{19FDCB7E-E683-4913-BCD9-AA498B566086}"
EndProject
Global
	GlobalSection(SolutionConfigurationPlatforms) = preSolution
		Debug|Any CPU = Debug|Any CPU
		Release|Any CPU = Release|Any CPU
	EndGlobalSection
	GlobalSection(ProjectConfigurationPlatforms) = postSolution
		{19FDCB7E-E683-4913-BCD9-AA498B566086}.Debug|Any CPU.ActiveCfg = Debug|Any CPU
		{19FDCB7E-E683-4913-BCD9-AA498B566086}.Debug|Any CPU.Build.0 = Debug|Any CPU
		{19FDCB7E-E683-4913-BCD9-AA498B566086}.Release|Any CPU.ActiveCfg = Release|Any CPU
		{19FDCB7E-E683-4913-BCD9-AA498B566086}.Release|Any CPU.Build.0 = Release|Any CPU
	EndGlobalSection
	GlobalSection(SolutionProperties) = preSolution
		HideSolutionNode = FALSE
	EndGlobalSection
	GlobalSection(ExtensibilityGlobals) = postSolution
		SolutionGuid = {E5477D91-C8D7-4DB3-BE05-F8B8A0B06054}
	EndGlobalSection
EndGlobal
